// !$*UTF8*$!
{
	archiveVersion = 1;
	classes = {
	};
	objectVersion = 46;
	objects = {

/* Begin PBXBuildFile section */
		F337D4A31E9C626C00505334 /* MultiViewController.m in Sources */ = {isa = PBXBuildFile; fileRef = F337D4A21E9C626C00505334 /* MultiViewController.m */; };
		F3F9A5471E9B1E2100CFEEF8 /* AppDelegate.m in Sources */ = {isa = PBXBuildFile; fileRef = F3F9A5461E9B1E2100CFEEF8 /* AppDelegate.m */; };
		F3F9A54A1E9B1E2100CFEEF8 /* main.m in Sources */ = {isa = PBXBuildFile; fileRef = F3F9A5491E9B1E2100CFEEF8 /* main.m */; };
		F3F9A54D1E9B1E2100CFEEF8 /* ViewController.m in Sources */ = {isa = PBXBuildFile; fileRef = F3F9A54C1E9B1E2100CFEEF8 /* ViewController.m */; };
		F3F9A54F1E9B1E2100CFEEF8 /* Assets.xcassets in Resources */ = {isa = PBXBuildFile; fileRef = F3F9A54E1E9B1E2100CFEEF8 /* Assets.xcassets */; };
		F3F9A5521E9B1E2100CFEEF8 /* Main.storyboard in Resources */ = {isa = PBXBuildFile; fileRef = F3F9A5501E9B1E2100CFEEF8 /* Main.storyboard */; };
		F3F9A5DF1E9B20D300CFEEF8 /* EMCVLib.framework in Frameworks */ = {isa = PBXBuildFile; fileRef = F3F9A5DE1E9B20D300CFEEF8 /* EMCVLib.framework */; };
		F3F9A5F01E9B268D00CFEEF8 /* OneViewController.m in Sources */ = {isa = PBXBuildFile; fileRef = F3F9A5EF1E9B268D00CFEEF8 /* OneViewController.m */; };
/* End PBXBuildFile section */

/* Begin PBXFileReference section */
		F337D4A11E9C626C00505334 /* MultiViewController.h */ = {isa = PBXFileReference; fileEncoding = 4; lastKnownFileType = sourcecode.c.h; name = MultiViewController.h; path = EMCVLibDemo/MultiViewController.h; sourceTree = "<group>"; };
		F337D4A21E9C626C00505334 /* MultiViewController.m */ = {isa = PBXFileReference; fileEncoding = 4; lastKnownFileType = sourcecode.c.objc; name = MultiViewController.m; path = EMCVLibDemo/MultiViewController.m; sourceTree = "<group>"; };
		F3F9A5421E9B1E2100CFEEF8 /* EMCVLibDemo.app */ = {isa = PBXFileReference; explicitFileType = wrapper.application; includeInIndex = 0; path = EMCVLibDemo.app; sourceTree = BUILT_PRODUCTS_DIR; };
		F3F9A5451E9B1E2100CFEEF8 /* AppDelegate.h */ = {isa = PBXFileReference; lastKnownFileType = sourcecode.c.h; path = AppDelegate.h; sourceTree = "<group>"; };
		F3F9A5461E9B1E2100CFEEF8 /* AppDelegate.m */ = {isa = PBXFileReference; lastKnownFileType = sourcecode.c.objc; path = AppDelegate.m; sourceTree = "<group>"; };
		F3F9A5491E9B1E2100CFEEF8 /* main.m */ = {isa = PBXFileReference; lastKnownFileType = sourcecode.c.objc; path = main.m; sourceTree = "<group>"; };
		F3F9A54B1E9B1E2100CFEEF8 /* ViewController.h */ = {isa = PBXFileReference; lastKnownFileType = sourcecode.c.h; name = ViewController.h; path = EMCVLibDemo/ViewController.h; sourceTree = "<group>"; };
		F3F9A54C1E9B1E2100CFEEF8 /* ViewController.m */ = {isa = PBXFileReference; lastKnownFileType = sourcecode.c.objc; name = ViewController.m; path = EMCVLibDemo/ViewController.m; sourceTree = "<group>"; };
		F3F9A54E1E9B1E2100CFEEF8 /* Assets.xcassets */ = {isa = PBXFileReference; lastKnownFileType = folder.assetcatalog; path = Assets.xcassets; sourceTree = "<group>"; };
		F3F9A5511E9B1E2100CFEEF8 /* Base */ = {isa = PBXFileReference; lastKnownFileType = file.storyboard; name = Base; path = Base.lproj/Main.storyboard; sourceTree = "<group>"; };
		F3F9A5531E9B1E2100CFEEF8 /* Info.plist */ = {isa = PBXFileReference; lastKnownFileType = text.plist.xml; path = Info.plist; sourceTree = "<group>"; };
		F3F9A5DE1E9B20D300CFEEF8 /* EMCVLib.framework */ = {isa = PBXFileReference; lastKnownFileType = wrapper.framework; name = EMCVLib.framework; path = "../../../../Library/Developer/Xcode/DerivedData/EMCVLib-gxzgilkoegzcqidrscghtwqnmndf/Build/Products/Debug/EMCVLib.framework"; sourceTree = "<group>"; };
		F3F9A5EE1E9B268D00CFEEF8 /* OneViewController.h */ = {isa = PBXFileReference; fileEncoding = 4; lastKnownFileType = sourcecode.c.h; name = OneViewController.h; path = EMCVLibDemo/OneViewController.h; sourceTree = "<group>"; };
		F3F9A5EF1E9B268D00CFEEF8 /* OneViewController.m */ = {isa = PBXFileReference; fileEncoding = 4; lastKnownFileType = sourcecode.c.objc; name = OneViewController.m; path = EMCVLibDemo/OneViewController.m; sourceTree = "<group>"; };
		F3F9A5FD1E9B2A6800CFEEF8 /* opencv_c.h */ = {isa = PBXFileReference; lastKnownFileType = sourcecode.c.h; name = opencv_c.h; path = EMCVLibDemo/opencv_c.h; sourceTree = "<group>"; };
/* End PBXFileReference section */

/* Begin PBXFrameworksBuildPhase section */
		F3F9A53F1E9B1E2100CFEEF8 /* Frameworks */ = {
			isa = PBXFrameworksBuildPhase;
			buildActionMask = 2147483647;
			files = (
				F3F9A5DF1E9B20D300CFEEF8 /* EMCVLib.framework in Frameworks */,
			);
			runOnlyForDeploymentPostprocessing = 0;
		};
/* End PBXFrameworksBuildPhase section */

/* Begin PBXGroup section */
		F3F9A5391E9B1E2100CFEEF8 = {
			isa = PBXGroup;
			children = (
				F3F9A5FE1E9B2A7400CFEEF8 /* Headers */,
				F3F9A54B1E9B1E2100CFEEF8 /* ViewController.h */,
				F3F9A54C1E9B1E2100CFEEF8 /* ViewController.m */,
				F3F9A5EE1E9B268D00CFEEF8 /* OneViewController.h */,
				F3F9A5EF1E9B268D00CFEEF8 /* OneViewController.m */,
				F337D4A11E9C626C00505334 /* MultiViewController.h */,
				F337D4A21E9C626C00505334 /* MultiViewController.m */,
				F3F9A5501E9B1E2100CFEEF8 /* Main.storyboard */,
				F3F9A5441E9B1E2100CFEEF8 /* Support Files */,
				F3F9A5431E9B1E2100CFEEF8 /* Products */,
				F3F9A5DD1E9B20D300CFEEF8 /* Frameworks */,
			);
			sourceTree = "<group>";
		};
		F3F9A5431E9B1E2100CFEEF8 /* Products */ = {
			isa = PBXGroup;
			children = (
				F3F9A5421E9B1E2100CFEEF8 /* EMCVLibDemo.app */,
			);
			name = Products;
			sourceTree = "<group>";
		};
		F3F9A5441E9B1E2100CFEEF8 /* Support Files */ = {
			isa = PBXGroup;
			children = (
				F3F9A5451E9B1E2100CFEEF8 /* AppDelegate.h */,
				F3F9A5461E9B1E2100CFEEF8 /* AppDelegate.m */,
				F3F9A54E1E9B1E2100CFEEF8 /* Assets.xcassets */,
				F3F9A5531E9B1E2100CFEEF8 /* Info.plist */,
				F3F9A5481E9B1E2100CFEEF8 /* Supporting Files */,
			);
			name = "Support Files";
			path = EMCVLibDemo;
			sourceTree = "<group>";
		};
		F3F9A5481E9B1E2100CFEEF8 /* Supporting Files */ = {
			isa = PBXGroup;
			children = (
				F3F9A5491E9B1E2100CFEEF8 /* main.m */,
			);
			name = "Supporting Files";
			sourceTree = "<group>";
		};
		F3F9A5DD1E9B20D300CFEEF8 /* Frameworks */ = {
			isa = PBXGroup;
			children = (
				F3F9A5DE1E9B20D300CFEEF8 /* EMCVLib.framework */,
			);
			name = Frameworks;
			sourceTree = "<group>";
		};
		F3F9A5FE1E9B2A7400CFEEF8 /* Headers */ = {
			isa = PBXGroup;
			children = (
				F3F9A5FD1E9B2A6800CFEEF8 /* opencv_c.h */,
			);
			name = Headers;
			sourceTree = "<group>";
		};
/* End PBXGroup section */

/* Begin PBXNativeTarget section */
		F3F9A5411E9B1E2100CFEEF8 /* EMCVLibDemo */ = {
			isa = PBXNativeTarget;
			buildConfigurationList = F3F9A5561E9B1E2100CFEEF8 /* Build configuration list for PBXNativeTarget "EMCVLibDemo" */;
			buildPhases = (
				F3F9A53E1E9B1E2100CFEEF8 /* Sources */,
				F3F9A53F1E9B1E2100CFEEF8 /* Frameworks */,
				F3F9A5401E9B1E2100CFEEF8 /* Resources */,
			);
			buildRules = (
			);
			dependencies = (
			);
			name = EMCVLibDemo;
			productName = EMCVLibDemo;
			productReference = F3F9A5421E9B1E2100CFEEF8 /* EMCVLibDemo.app */;
			productType = "com.apple.product-type.application";
		};
/* End PBXNativeTarget section */

/* Begin PBXProject section */
		F3F9A53A1E9B1E2100CFEEF8 /* Project object */ = {
			isa = PBXProject;
			attributes = {
				LastUpgradeCheck = 0830;
				ORGANIZATIONNAME = "郑宇琦";
				TargetAttributes = {
					F3F9A5411E9B1E2100CFEEF8 = {
						CreatedOnToolsVersion = 8.3;
						DevelopmentTeam = 4TF3NHEU2R;
						ProvisioningStyle = Automatic;
					};
				};
			};
			buildConfigurationList = F3F9A53D1E9B1E2100CFEEF8 /* Build configuration list for PBXProject "EMCVLibDemo" */;
			compatibilityVersion = "Xcode 3.2";
			developmentRegion = English;
			hasScannedForEncodings = 0;
			knownRegions = (
				en,
				Base,
			);
			mainGroup = F3F9A5391E9B1E2100CFEEF8;
			productRefGroup = F3F9A5431E9B1E2100CFEEF8 /* Products */;
			projectDirPath = "";
			projectRoot = "";
			targets = (
				F3F9A5411E9B1E2100CFEEF8 /* EMCVLibDemo */,
			);
		};
/* End PBXProject section */

/* Begin PBXResourcesBuildPhase section */
		F3F9A5401E9B1E2100CFEEF8 /* Resources */ = {
			isa = PBXResourcesBuildPhase;
			buildActionMask = 2147483647;
			files = (
				F3F9A54F1E9B1E2100CFEEF8 /* Assets.xcassets in Resources */,
				F3F9A5521E9B1E2100CFEEF8 /* Main.storyboard in Resources */,
			);
			runOnlyForDeploymentPostprocessing = 0;
		};
/* End PBXResourcesBuildPhase section */

/* Begin PBXSourcesBuildPhase section */
		F3F9A53E1E9B1E2100CFEEF8 /* Sources */ = {
			isa = PBXSourcesBuildPhase;
			buildActionMask = 2147483647;
			files = (
				F3F9A54D1E9B1E2100CFEEF8 /* ViewController.m in Sources */,
				F3F9A54A1E9B1E2100CFEEF8 /* main.m in Sources */,
				F3F9A5471E9B1E2100CFEEF8 /* AppDelegate.m in Sources */,
				F337D4A31E9C626C00505334 /* MultiViewController.m in Sources */,
				F3F9A5F01E9B268D00CFEEF8 /* OneViewController.m in Sources */,
			);
			runOnlyForDeploymentPostprocessing = 0;
		};
/* End PBXSourcesBuildPhase section */

/* Begin PBXVariantGroup section */
		F3F9A5501E9B1E2100CFEEF8 /* Main.storyboard */ = {
			isa = PBXVariantGroup;
			children = (
				F3F9A5511E9B1E2100CFEEF8 /* Base */,
			);
			name = Main.storyboard;
			path = EMCVLibDemo;
			sourceTree = "<group>";
		};
/* End PBXVariantGroup section */

/* Begin XCBuildConfiguration section */
		F3F9A5541E9B1E2100CFEEF8 /* Debug */ = {
			isa = XCBuildConfiguration;
			buildSettings = {
				ALWAYS_SEARCH_USER_PATHS = NO;
				CLANG_ANALYZER_NONNULL = YES;
				CLANG_ANALYZER_NUMBER_OBJECT_CONVERSION = YES_AGGRESSIVE;
				CLANG_CXX_LANGUAGE_STANDARD = "gnu++0x";
				CLANG_CXX_LIBRARY = "libc++";
				CLANG_ENABLE_MODULES = YES;
				CLANG_ENABLE_OBJC_ARC = YES;
				CLANG_WARN_BOOL_CONVERSION = YES;
				CLANG_WARN_CONSTANT_CONVERSION = YES;
				CLANG_WARN_DIRECT_OBJC_ISA_USAGE = YES_ERROR;
				CLANG_WARN_DOCUMENTATION_COMMENTS = YES;
				CLANG_WARN_EMPTY_BODY = YES;
				CLANG_WARN_ENUM_CONVERSION = YES;
				CLANG_WARN_INFINITE_RECURSION = YES;
				CLANG_WARN_INT_CONVERSION = YES;
				CLANG_WARN_OBJC_ROOT_CLASS = YES_ERROR;
				CLANG_WARN_SUSPICIOUS_MOVE = YES;
				CLANG_WARN_UNREACHABLE_CODE = YES;
				CLANG_WARN__DUPLICATE_METHOD_MATCH = YES;
				CODE_SIGN_IDENTITY = "-";
				COPY_PHASE_STRIP = NO;
				DEBUG_INFORMATION_FORMAT = dwarf;
				ENABLE_STRICT_OBJC_MSGSEND = YES;
				ENABLE_TESTABILITY = YES;
				GCC_C_LANGUAGE_STANDARD = gnu99;
				GCC_DYNAMIC_NO_PIC = NO;
				GCC_NO_COMMON_BLOCKS = YES;
				GCC_OPTIMIZATION_LEVEL = 0;
				GCC_PREPROCESSOR_DEFINITIONS = (
					"DEBUG=1",
					"$(inherited)",
				);
				GCC_WARN_64_TO_32_BIT_CONVERSION = YES;
				GCC_WARN_ABOUT_RETURN_TYPE = YES_ERROR;
				GCC_WARN_UNDECLARED_SELECTOR = YES;
				GCC_WARN_UNINITIALIZED_AUTOS = YES_AGGRESSIVE;
				GCC_WARN_UNUSED_FUNCTION = YES;
				GCC_WARN_UNUSED_VARIABLE = YES;
				MACOSX_DEPLOYMENT_TARGET = 10.12;
				MTL_ENABLE_DEBUG_INFO = YES;
				ONLY_ACTIVE_ARCH = YES;
				SDKROOT = macosx;
			};
			name = Debug;
		};
		F3F9A5551E9B1E2100CFEEF8 /* Release */ = {
			isa = XCBuildConfiguration;
			buildSettings = {
				ALWAYS_SEARCH_USER_PATHS = NO;
				CLANG_ANALYZER_NONNULL = YES;
				CLANG_ANALYZER_NUMBER_OBJECT_CONVERSION = YES_AGGRESSIVE;
				CLANG_CXX_LANGUAGE_STANDARD = "gnu++0x";
				CLANG_CXX_LIBRARY = "libc++";
				CLANG_ENABLE_MODULES = YES;
				CLANG_ENABLE_OBJC_ARC = YES;
				CLANG_WARN_BOOL_CONVERSION = YES;
				CLANG_WARN_CONSTANT_CONVERSION = YES;
				CLANG_WARN_DIRECT_OBJC_ISA_USAGE = YES_ERROR;
				CLANG_WARN_DOCUMENTATION_COMMENTS = YES;
				CLANG_WARN_EMPTY_BODY = YES;
				CLANG_WARN_ENUM_CONVERSION = YES;
				CLANG_WARN_INFINITE_RECURSION = YES;
				CLANG_WARN_INT_CONVERSION = YES;
				CLANG_WARN_OBJC_ROOT_CLASS = YES_ERROR;
				CLANG_WARN_SUSPICIOUS_MOVE = YES;
				CLANG_WARN_UNREACHABLE_CODE = YES;
				CLANG_WARN__DUPLICATE_METHOD_MATCH = YES;
				CODE_SIGN_IDENTITY = "-";
				COPY_PHASE_STRIP = NO;
				DEBUG_INFORMATION_FORMAT = "dwarf-with-dsym";
				ENABLE_NS_ASSERTIONS = NO;
				ENABLE_STRICT_OBJC_MSGSEND = YES;
				GCC_C_LANGUAGE_STANDARD = gnu99;
				GCC_NO_COMMON_BLOCKS = YES;
				GCC_WARN_64_TO_32_BIT_CONVERSION = YES;
				GCC_WARN_ABOUT_RETURN_TYPE = YES_ERROR;
				GCC_WARN_UNDECLARED_SELECTOR = YES;
				GCC_WARN_UNINITIALIZED_AUTOS = YES_AGGRESSIVE;
				GCC_WARN_UNUSED_FUNCTION = YES;
				GCC_WARN_UNUSED_VARIABLE = YES;
				MACOSX_DEPLOYMENT_TARGET = 10.12;
				MTL_ENABLE_DEBUG_INFO = NO;
				SDKROOT = macosx;
			};
			name = Release;
		};
		F3F9A5571E9B1E2100CFEEF8 /* Debug */ = {
			isa = XCBuildConfiguration;
			buildSettings = {
				ASSETCATALOG_COMPILER_APPICON_NAME = AppIcon;
				COMBINE_HIDPI_IMAGES = YES;
				DEVELOPMENT_TEAM = 4TF3NHEU2R;
				HEADER_SEARCH_PATHS = /usr/local/include;
				INFOPLIST_FILE = EMCVLibDemo/Info.plist;
				LD_RUNPATH_SEARCH_PATHS = "$(inherited) @executable_path/../Frameworks";
				MACOSX_DEPLOYMENT_TARGET = 10.10;
				PRODUCT_BUNDLE_IDENTIFIER = Enum.EMCVLibDemo;
				PRODUCT_NAME = "$(TARGET_NAME)";
			};
			name = Debug;
		};
		F3F9A5581E9B1E2100CFEEF8 /* Release */ = {
			isa = XCBuildConfiguration;
			buildSettings = {
				ASSETCATALOG_COMPILER_APPICON_NAME = AppIcon;
				COMBINE_HIDPI_IMAGES = YES;
				DEVELOPMENT_TEAM = 4TF3NHEU2R;
				HEADER_SEARCH_PATHS = /usr/local/include;
				INFOPLIST_FILE = EMCVLibDemo/Info.plist;
				LD_RUNPATH_SEARCH_PATHS = "$(inherited) @executable_path/../Frameworks";
				MACOSX_DEPLOYMENT_TARGET = 10.10;
				PRODUCT_BUNDLE_IDENTIFIER = Enum.EMCVLibDemo;
				PRODUCT_NAME = "$(TARGET_NAME)";
			};
			name = Release;
		};
/* End XCBuildConfiguration section */

/* Begin XCConfigurationList section */
		F3F9A53D1E9B1E2100CFEEF8 /* Build configuration list for PBXProject "EMCVLibDemo" */ = {
			isa = XCConfigurationList;
			buildConfigurations = (
				F3F9A5541E9B1E2100CFEEF8 /* Debug */,
				F3F9A5551E9B1E2100CFEEF8 /* Release */,
			);
			defaultConfigurationIsVisible = 0;
			defaultConfigurationName = Release;
		};
		F3F9A5561E9B1E2100CFEEF8 /* Build configuration list for PBXNativeTarget "EMCVLibDemo" */ = {
			isa = XCConfigurationList;
			buildConfigurations = (
				F3F9A5571E9B1E2100CFEEF8 /* Debug */,
				F3F9A5581E9B1E2100CFEEF8 /* Release */,
			);
			defaultConfigurationIsVisible = 0;
			defaultConfigurationName = Release;
		};
/* End XCConfigurationList section */
	};
	rootObject = F3F9A53A1E9B1E2100CFEEF8 /* Project object */;
}
