// !$*UTF8*$!
{
	archiveVersion = 1;
	classes = {
	};
	objectVersion = 46;
	objects = {

/* Begin PBXBuildFile section */
		F337D49F1E9C60EA00505334 /* EMCVFactory.h in Headers */ = {isa = PBXBuildFile; fileRef = F337D49D1E9C60EA00505334 /* EMCVFactory.h */; settings = {ATTRIBUTES = (Public, ); }; };
		F337D4A01E9C60EA00505334 /* EMCVFactory.mm in Sources */ = {isa = PBXBuildFile; fileRef = F337D49E1E9C60EA00505334 /* EMCVFactory.mm */; };
		F3F9A5681E9B1E5100CFEEF8 /* EMCVLib.h in Headers */ = {isa = PBXBuildFile; fileRef = F3F9A5661E9B1E5100CFEEF8 /* EMCVLib.h */; settings = {ATTRIBUTES = (Public, ); }; };
		F3F9A5A61E9B20B100CFEEF8 /* libopencv_calib3d.2.4.13.dylib in Frameworks */ = {isa = PBXBuildFile; fileRef = F3F9A56F1E9B20B100CFEEF8 /* libopencv_calib3d.2.4.13.dylib */; };
		F3F9A5A71E9B20B100CFEEF8 /* libopencv_calib3d.2.4.13.dylib in Frameworks */ = {isa = PBXBuildFile; fileRef = F3F9A5701E9B20B100CFEEF8 /* libopencv_calib3d.2.4.13.dylib */; };
		F3F9A5A81E9B20B100CFEEF8 /* libopencv_calib3d.2.4.13.dylib in Frameworks */ = {isa = PBXBuildFile; fileRef = F3F9A5711E9B20B100CFEEF8 /* libopencv_calib3d.2.4.13.dylib */; };
		F3F9A5A91E9B20B100CFEEF8 /* libopencv_contrib.2.4.13.dylib in Frameworks */ = {isa = PBXBuildFile; fileRef = F3F9A5721E9B20B100CFEEF8 /* libopencv_contrib.2.4.13.dylib */; };
		F3F9A5AA1E9B20B100CFEEF8 /* libopencv_contrib.2.4.13.dylib in Frameworks */ = {isa = PBXBuildFile; fileRef = F3F9A5731E9B20B100CFEEF8 /* libopencv_contrib.2.4.13.dylib */; };
		F3F9A5AB1E9B20B100CFEEF8 /* libopencv_contrib.2.4.13.dylib in Frameworks */ = {isa = PBXBuildFile; fileRef = F3F9A5741E9B20B100CFEEF8 /* libopencv_contrib.2.4.13.dylib */; };
		F3F9A5AC1E9B20B100CFEEF8 /* libopencv_core.2.4.13.dylib in Frameworks */ = {isa = PBXBuildFile; fileRef = F3F9A5751E9B20B100CFEEF8 /* libopencv_core.2.4.13.dylib */; };
		F3F9A5AD1E9B20B100CFEEF8 /* libopencv_core.2.4.13.dylib in Frameworks */ = {isa = PBXBuildFile; fileRef = F3F9A5761E9B20B100CFEEF8 /* libopencv_core.2.4.13.dylib */; };
		F3F9A5AE1E9B20B100CFEEF8 /* libopencv_core.2.4.13.dylib in Frameworks */ = {isa = PBXBuildFile; fileRef = F3F9A5771E9B20B100CFEEF8 /* libopencv_core.2.4.13.dylib */; };
		F3F9A5AF1E9B20B100CFEEF8 /* libopencv_features2d.2.4.13.dylib in Frameworks */ = {isa = PBXBuildFile; fileRef = F3F9A5781E9B20B100CFEEF8 /* libopencv_features2d.2.4.13.dylib */; };
		F3F9A5B01E9B20B100CFEEF8 /* libopencv_features2d.2.4.13.dylib in Frameworks */ = {isa = PBXBuildFile; fileRef = F3F9A5791E9B20B100CFEEF8 /* libopencv_features2d.2.4.13.dylib */; };
		F3F9A5B11E9B20B100CFEEF8 /* libopencv_features2d.2.4.13.dylib in Frameworks */ = {isa = PBXBuildFile; fileRef = F3F9A57A1E9B20B100CFEEF8 /* libopencv_features2d.2.4.13.dylib */; };
		F3F9A5B21E9B20B100CFEEF8 /* libopencv_flann.2.4.13.dylib in Frameworks */ = {isa = PBXBuildFile; fileRef = F3F9A57B1E9B20B100CFEEF8 /* libopencv_flann.2.4.13.dylib */; };
		F3F9A5B31E9B20B100CFEEF8 /* libopencv_flann.2.4.13.dylib in Frameworks */ = {isa = PBXBuildFile; fileRef = F3F9A57C1E9B20B100CFEEF8 /* libopencv_flann.2.4.13.dylib */; };
		F3F9A5B41E9B20B100CFEEF8 /* libopencv_flann.2.4.13.dylib in Frameworks */ = {isa = PBXBuildFile; fileRef = F3F9A57D1E9B20B100CFEEF8 /* libopencv_flann.2.4.13.dylib */; };
		F3F9A5B51E9B20B100CFEEF8 /* libopencv_gpu.2.4.13.dylib in Frameworks */ = {isa = PBXBuildFile; fileRef = F3F9A57E1E9B20B100CFEEF8 /* libopencv_gpu.2.4.13.dylib */; };
		F3F9A5B61E9B20B100CFEEF8 /* libopencv_gpu.2.4.13.dylib in Frameworks */ = {isa = PBXBuildFile; fileRef = F3F9A57F1E9B20B100CFEEF8 /* libopencv_gpu.2.4.13.dylib */; };
		F3F9A5B71E9B20B100CFEEF8 /* libopencv_gpu.2.4.13.dylib in Frameworks */ = {isa = PBXBuildFile; fileRef = F3F9A5801E9B20B100CFEEF8 /* libopencv_gpu.2.4.13.dylib */; };
		F3F9A5B81E9B20B100CFEEF8 /* libopencv_highgui.2.4.13.dylib in Frameworks */ = {isa = PBXBuildFile; fileRef = F3F9A5811E9B20B100CFEEF8 /* libopencv_highgui.2.4.13.dylib */; };
		F3F9A5B91E9B20B100CFEEF8 /* libopencv_highgui.2.4.13.dylib in Frameworks */ = {isa = PBXBuildFile; fileRef = F3F9A5821E9B20B100CFEEF8 /* libopencv_highgui.2.4.13.dylib */; };
		F3F9A5BA1E9B20B100CFEEF8 /* libopencv_highgui.2.4.13.dylib in Frameworks */ = {isa = PBXBuildFile; fileRef = F3F9A5831E9B20B100CFEEF8 /* libopencv_highgui.2.4.13.dylib */; };
		F3F9A5BB1E9B20B100CFEEF8 /* libopencv_imgproc.2.4.13.dylib in Frameworks */ = {isa = PBXBuildFile; fileRef = F3F9A5841E9B20B100CFEEF8 /* libopencv_imgproc.2.4.13.dylib */; };
		F3F9A5BC1E9B20B100CFEEF8 /* libopencv_imgproc.2.4.13.dylib in Frameworks */ = {isa = PBXBuildFile; fileRef = F3F9A5851E9B20B100CFEEF8 /* libopencv_imgproc.2.4.13.dylib */; };
		F3F9A5BD1E9B20B100CFEEF8 /* libopencv_imgproc.2.4.13.dylib in Frameworks */ = {isa = PBXBuildFile; fileRef = F3F9A5861E9B20B100CFEEF8 /* libopencv_imgproc.2.4.13.dylib */; };
		F3F9A5BE1E9B20B100CFEEF8 /* libopencv_legacy.2.4.13.dylib in Frameworks */ = {isa = PBXBuildFile; fileRef = F3F9A5871E9B20B100CFEEF8 /* libopencv_legacy.2.4.13.dylib */; };
		F3F9A5BF1E9B20B100CFEEF8 /* libopencv_legacy.2.4.13.dylib in Frameworks */ = {isa = PBXBuildFile; fileRef = F3F9A5881E9B20B100CFEEF8 /* libopencv_legacy.2.4.13.dylib */; };
		F3F9A5C01E9B20B100CFEEF8 /* libopencv_legacy.2.4.13.dylib in Frameworks */ = {isa = PBXBuildFile; fileRef = F3F9A5891E9B20B100CFEEF8 /* libopencv_legacy.2.4.13.dylib */; };
		F3F9A5C11E9B20B100CFEEF8 /* libopencv_ml.2.4.13.dylib in Frameworks */ = {isa = PBXBuildFile; fileRef = F3F9A58A1E9B20B100CFEEF8 /* libopencv_ml.2.4.13.dylib */; };
		F3F9A5C21E9B20B100CFEEF8 /* libopencv_ml.2.4.13.dylib in Frameworks */ = {isa = PBXBuildFile; fileRef = F3F9A58B1E9B20B100CFEEF8 /* libopencv_ml.2.4.13.dylib */; };
		F3F9A5C31E9B20B100CFEEF8 /* libopencv_ml.2.4.13.dylib in Frameworks */ = {isa = PBXBuildFile; fileRef = F3F9A58C1E9B20B100CFEEF8 /* libopencv_ml.2.4.13.dylib */; };
		F3F9A5C41E9B20B100CFEEF8 /* libopencv_nonfree.2.4.13.dylib in Frameworks */ = {isa = PBXBuildFile; fileRef = F3F9A58D1E9B20B100CFEEF8 /* libopencv_nonfree.2.4.13.dylib */; };
		F3F9A5C51E9B20B100CFEEF8 /* libopencv_nonfree.2.4.13.dylib in Frameworks */ = {isa = PBXBuildFile; fileRef = F3F9A58E1E9B20B100CFEEF8 /* libopencv_nonfree.2.4.13.dylib */; };
		F3F9A5C61E9B20B100CFEEF8 /* libopencv_nonfree.2.4.13.dylib in Frameworks */ = {isa = PBXBuildFile; fileRef = F3F9A58F1E9B20B100CFEEF8 /* libopencv_nonfree.2.4.13.dylib */; };
		F3F9A5C71E9B20B100CFEEF8 /* libopencv_objdetect.2.4.13.dylib in Frameworks */ = {isa = PBXBuildFile; fileRef = F3F9A5901E9B20B100CFEEF8 /* libopencv_objdetect.2.4.13.dylib */; };
		F3F9A5C81E9B20B100CFEEF8 /* libopencv_objdetect.2.4.13.dylib in Frameworks */ = {isa = PBXBuildFile; fileRef = F3F9A5911E9B20B100CFEEF8 /* libopencv_objdetect.2.4.13.dylib */; };
		F3F9A5C91E9B20B100CFEEF8 /* libopencv_objdetect.2.4.13.dylib in Frameworks */ = {isa = PBXBuildFile; fileRef = F3F9A5921E9B20B100CFEEF8 /* libopencv_objdetect.2.4.13.dylib */; };
		F3F9A5CA1E9B20B100CFEEF8 /* libopencv_ocl.2.4.13.dylib in Frameworks */ = {isa = PBXBuildFile; fileRef = F3F9A5931E9B20B100CFEEF8 /* libopencv_ocl.2.4.13.dylib */; };
		F3F9A5CB1E9B20B100CFEEF8 /* libopencv_ocl.2.4.13.dylib in Frameworks */ = {isa = PBXBuildFile; fileRef = F3F9A5941E9B20B100CFEEF8 /* libopencv_ocl.2.4.13.dylib */; };
		F3F9A5CC1E9B20B100CFEEF8 /* libopencv_ocl.2.4.13.dylib in Frameworks */ = {isa = PBXBuildFile; fileRef = F3F9A5951E9B20B100CFEEF8 /* libopencv_ocl.2.4.13.dylib */; };
		F3F9A5CD1E9B20B100CFEEF8 /* libopencv_photo.2.4.13.dylib in Frameworks */ = {isa = PBXBuildFile; fileRef = F3F9A5961E9B20B100CFEEF8 /* libopencv_photo.2.4.13.dylib */; };
		F3F9A5CE1E9B20B100CFEEF8 /* libopencv_photo.2.4.13.dylib in Frameworks */ = {isa = PBXBuildFile; fileRef = F3F9A5971E9B20B100CFEEF8 /* libopencv_photo.2.4.13.dylib */; };
		F3F9A5CF1E9B20B100CFEEF8 /* libopencv_photo.2.4.13.dylib in Frameworks */ = {isa = PBXBuildFile; fileRef = F3F9A5981E9B20B100CFEEF8 /* libopencv_photo.2.4.13.dylib */; };
		F3F9A5D01E9B20B100CFEEF8 /* libopencv_stitching.2.4.13.dylib in Frameworks */ = {isa = PBXBuildFile; fileRef = F3F9A5991E9B20B100CFEEF8 /* libopencv_stitching.2.4.13.dylib */; };
		F3F9A5D11E9B20B100CFEEF8 /* libopencv_stitching.2.4.13.dylib in Frameworks */ = {isa = PBXBuildFile; fileRef = F3F9A59A1E9B20B100CFEEF8 /* libopencv_stitching.2.4.13.dylib */; };
		F3F9A5D21E9B20B100CFEEF8 /* libopencv_stitching.2.4.13.dylib in Frameworks */ = {isa = PBXBuildFile; fileRef = F3F9A59B1E9B20B100CFEEF8 /* libopencv_stitching.2.4.13.dylib */; };
		F3F9A5D31E9B20B100CFEEF8 /* libopencv_superres.2.4.13.dylib in Frameworks */ = {isa = PBXBuildFile; fileRef = F3F9A59C1E9B20B100CFEEF8 /* libopencv_superres.2.4.13.dylib */; };
		F3F9A5D41E9B20B100CFEEF8 /* libopencv_superres.2.4.13.dylib in Frameworks */ = {isa = PBXBuildFile; fileRef = F3F9A59D1E9B20B100CFEEF8 /* libopencv_superres.2.4.13.dylib */; };
		F3F9A5D51E9B20B100CFEEF8 /* libopencv_superres.2.4.13.dylib in Frameworks */ = {isa = PBXBuildFile; fileRef = F3F9A59E1E9B20B100CFEEF8 /* libopencv_superres.2.4.13.dylib */; };
		F3F9A5D61E9B20B100CFEEF8 /* libopencv_ts.a in Frameworks */ = {isa = PBXBuildFile; fileRef = F3F9A59F1E9B20B100CFEEF8 /* libopencv_ts.a */; };
		F3F9A5D71E9B20B100CFEEF8 /* libopencv_video.2.4.13.dylib in Frameworks */ = {isa = PBXBuildFile; fileRef = F3F9A5A01E9B20B100CFEEF8 /* libopencv_video.2.4.13.dylib */; };
		F3F9A5D81E9B20B100CFEEF8 /* libopencv_video.2.4.13.dylib in Frameworks */ = {isa = PBXBuildFile; fileRef = F3F9A5A11E9B20B100CFEEF8 /* libopencv_video.2.4.13.dylib */; };
		F3F9A5D91E9B20B100CFEEF8 /* libopencv_video.2.4.13.dylib in Frameworks */ = {isa = PBXBuildFile; fileRef = F3F9A5A21E9B20B100CFEEF8 /* libopencv_video.2.4.13.dylib */; };
		F3F9A5DA1E9B20B100CFEEF8 /* libopencv_videostab.2.4.13.dylib in Frameworks */ = {isa = PBXBuildFile; fileRef = F3F9A5A31E9B20B100CFEEF8 /* libopencv_videostab.2.4.13.dylib */; };
		F3F9A5DB1E9B20B100CFEEF8 /* libopencv_videostab.2.4.13.dylib in Frameworks */ = {isa = PBXBuildFile; fileRef = F3F9A5A41E9B20B100CFEEF8 /* libopencv_videostab.2.4.13.dylib */; };
		F3F9A5DC1E9B20B100CFEEF8 /* libopencv_videostab.2.4.13.dylib in Frameworks */ = {isa = PBXBuildFile; fileRef = F3F9A5A51E9B20B100CFEEF8 /* libopencv_videostab.2.4.13.dylib */; };
		F3F9A5E61E9B23A800CFEEF8 /* EMCVImage.h in Headers */ = {isa = PBXBuildFile; fileRef = F3F9A5E41E9B23A800CFEEF8 /* EMCVImage.h */; settings = {ATTRIBUTES = (Public, ); }; };
		F3F9A5E71E9B23A800CFEEF8 /* EMCVImage.mm in Sources */ = {isa = PBXBuildFile; fileRef = F3F9A5E51E9B23A800CFEEF8 /* EMCVImage.mm */; };
		F3F9A5E91E9B248000CFEEF8 /* CoreGraphics.framework in Frameworks */ = {isa = PBXBuildFile; fileRef = F3F9A5E81E9B248000CFEEF8 /* CoreGraphics.framework */; };
		F3F9A5ED1E9B24CD00CFEEF8 /* Cocoa.framework in Frameworks */ = {isa = PBXBuildFile; fileRef = F3F9A5EC1E9B24CD00CFEEF8 /* Cocoa.framework */; };
		F3F9A5F41E9B26F000CFEEF8 /* NSImageView+EMCVLib.h in Headers */ = {isa = PBXBuildFile; fileRef = F3F9A5F21E9B26F000CFEEF8 /* NSImageView+EMCVLib.h */; settings = {ATTRIBUTES = (Public, ); }; };
		F3F9A5F51E9B26F000CFEEF8 /* NSImageView+EMCVLib.mm in Sources */ = {isa = PBXBuildFile; fileRef = F3F9A5F31E9B26F000CFEEF8 /* NSImageView+EMCVLib.mm */; };
		F3F9A5FA1E9B299200CFEEF8 /* opencv.h in Headers */ = {isa = PBXBuildFile; fileRef = F3F9A5E11E9B211500CFEEF8 /* opencv.h */; settings = {ATTRIBUTES = (Public, ); }; };
		F3F9A6011E9B54A000CFEEF8 /* EMCVVideo.h in Headers */ = {isa = PBXBuildFile; fileRef = F3F9A5FF1E9B54A000CFEEF8 /* EMCVVideo.h */; settings = {ATTRIBUTES = (Public, ); }; };
		F3F9A6021E9B54A000CFEEF8 /* EMCVVideo.mm in Sources */ = {isa = PBXBuildFile; fileRef = F3F9A6001E9B54A000CFEEF8 /* EMCVVideo.mm */; };
		F3F9A6051E9B5DF800CFEEF8 /* EMCVSplitedImage.h in Headers */ = {isa = PBXBuildFile; fileRef = F3F9A6031E9B5DF800CFEEF8 /* EMCVSplitedImage.h */; settings = {ATTRIBUTES = (Public, ); }; };
		F3F9A6061E9B5DF800CFEEF8 /* EMCVSplitedImage.mm in Sources */ = {isa = PBXBuildFile; fileRef = F3F9A6041E9B5DF800CFEEF8 /* EMCVSplitedImage.mm */; };
		F3F9A60C1E9B99F200CFEEF8 /* Static.h in Headers */ = {isa = PBXBuildFile; fileRef = F3F9A60A1E9B99F200CFEEF8 /* Static.h */; settings = {ATTRIBUTES = (Public, ); }; };
/* End PBXBuildFile section */

/* Begin PBXFileReference section */
		F337D49D1E9C60EA00505334 /* EMCVFactory.h */ = {isa = PBXFileReference; fileEncoding = 4; lastKnownFileType = sourcecode.c.h; name = EMCVFactory.h; path = EMCVLib/EMCVFactory.h; sourceTree = "<group>"; };
		F337D49E1E9C60EA00505334 /* EMCVFactory.mm */ = {isa = PBXFileReference; fileEncoding = 4; lastKnownFileType = sourcecode.cpp.objcpp; name = EMCVFactory.mm; path = EMCVLib/EMCVFactory.mm; sourceTree = "<group>"; };
		F3F9A5631E9B1E5100CFEEF8 /* EMCVLib.framework */ = {isa = PBXFileReference; explicitFileType = wrapper.framework; includeInIndex = 0; path = EMCVLib.framework; sourceTree = BUILT_PRODUCTS_DIR; };
		F3F9A5661E9B1E5100CFEEF8 /* EMCVLib.h */ = {isa = PBXFileReference; lastKnownFileType = sourcecode.c.h; path = EMCVLib.h; sourceTree = "<group>"; };
		F3F9A5671E9B1E5100CFEEF8 /* Info.plist */ = {isa = PBXFileReference; lastKnownFileType = text.plist.xml; path = Info.plist; sourceTree = "<group>"; };
		F3F9A56F1E9B20B100CFEEF8 /* libopencv_calib3d.2.4.13.dylib */ = {isa = PBXFileReference; lastKnownFileType = "compiled.mach-o.dylib"; name = libopencv_calib3d.2.4.13.dylib; path = ../../../../../../usr/local/Cellar/opencv/2.4.13.2/lib/libopencv_calib3d.2.4.13.dylib; sourceTree = "<group>"; };
		F3F9A5701E9B20B100CFEEF8 /* libopencv_calib3d.2.4.13.dylib */ = {isa = PBXFileReference; lastKnownFileType = "compiled.mach-o.dylib"; name = libopencv_calib3d.2.4.13.dylib; path = ../../../../../../usr/local/Cellar/opencv/2.4.13.2/lib/libopencv_calib3d.2.4.13.dylib; sourceTree = "<group>"; };
		F3F9A5711E9B20B100CFEEF8 /* libopencv_calib3d.2.4.13.dylib */ = {isa = PBXFileReference; lastKnownFileType = "compiled.mach-o.dylib"; name = libopencv_calib3d.2.4.13.dylib; path = ../../../../../../usr/local/Cellar/opencv/2.4.13.2/lib/libopencv_calib3d.2.4.13.dylib; sourceTree = "<group>"; };
		F3F9A5721E9B20B100CFEEF8 /* libopencv_contrib.2.4.13.dylib */ = {isa = PBXFileReference; lastKnownFileType = "compiled.mach-o.dylib"; name = libopencv_contrib.2.4.13.dylib; path = ../../../../../../usr/local/Cellar/opencv/2.4.13.2/lib/libopencv_contrib.2.4.13.dylib; sourceTree = "<group>"; };
		F3F9A5731E9B20B100CFEEF8 /* libopencv_contrib.2.4.13.dylib */ = {isa = PBXFileReference; lastKnownFileType = "compiled.mach-o.dylib"; name = libopencv_contrib.2.4.13.dylib; path = ../../../../../../usr/local/Cellar/opencv/2.4.13.2/lib/libopencv_contrib.2.4.13.dylib; sourceTree = "<group>"; };
		F3F9A5741E9B20B100CFEEF8 /* libopencv_contrib.2.4.13.dylib */ = {isa = PBXFileReference; lastKnownFileType = "compiled.mach-o.dylib"; name = libopencv_contrib.2.4.13.dylib; path = ../../../../../../usr/local/Cellar/opencv/2.4.13.2/lib/libopencv_contrib.2.4.13.dylib; sourceTree = "<group>"; };
		F3F9A5751E9B20B100CFEEF8 /* libopencv_core.2.4.13.dylib */ = {isa = PBXFileReference; lastKnownFileType = "compiled.mach-o.dylib"; name = libopencv_core.2.4.13.dylib; path = ../../../../../../usr/local/Cellar/opencv/2.4.13.2/lib/libopencv_core.2.4.13.dylib; sourceTree = "<group>"; };
		F3F9A5761E9B20B100CFEEF8 /* libopencv_core.2.4.13.dylib */ = {isa = PBXFileReference; lastKnownFileType = "compiled.mach-o.dylib"; name = libopencv_core.2.4.13.dylib; path = ../../../../../../usr/local/Cellar/opencv/2.4.13.2/lib/libopencv_core.2.4.13.dylib; sourceTree = "<group>"; };
		F3F9A5771E9B20B100CFEEF8 /* libopencv_core.2.4.13.dylib */ = {isa = PBXFileReference; lastKnownFileType = "compiled.mach-o.dylib"; name = libopencv_core.2.4.13.dylib; path = ../../../../../../usr/local/Cellar/opencv/2.4.13.2/lib/libopencv_core.2.4.13.dylib; sourceTree = "<group>"; };
		F3F9A5781E9B20B100CFEEF8 /* libopencv_features2d.2.4.13.dylib */ = {isa = PBXFileReference; lastKnownFileType = "compiled.mach-o.dylib"; name = libopencv_features2d.2.4.13.dylib; path = ../../../../../../usr/local/Cellar/opencv/2.4.13.2/lib/libopencv_features2d.2.4.13.dylib; sourceTree = "<group>"; };
		F3F9A5791E9B20B100CFEEF8 /* libopencv_features2d.2.4.13.dylib */ = {isa = PBXFileReference; lastKnownFileType = "compiled.mach-o.dylib"; name = libopencv_features2d.2.4.13.dylib; path = ../../../../../../usr/local/Cellar/opencv/2.4.13.2/lib/libopencv_features2d.2.4.13.dylib; sourceTree = "<group>"; };
		F3F9A57A1E9B20B100CFEEF8 /* libopencv_features2d.2.4.13.dylib */ = {isa = PBXFileReference; lastKnownFileType = "compiled.mach-o.dylib"; name = libopencv_features2d.2.4.13.dylib; path = ../../../../../../usr/local/Cellar/opencv/2.4.13.2/lib/libopencv_features2d.2.4.13.dylib; sourceTree = "<group>"; };
		F3F9A57B1E9B20B100CFEEF8 /* libopencv_flann.2.4.13.dylib */ = {isa = PBXFileReference; lastKnownFileType = "compiled.mach-o.dylib"; name = libopencv_flann.2.4.13.dylib; path = ../../../../../../usr/local/Cellar/opencv/2.4.13.2/lib/libopencv_flann.2.4.13.dylib; sourceTree = "<group>"; };
		F3F9A57C1E9B20B100CFEEF8 /* libopencv_flann.2.4.13.dylib */ = {isa = PBXFileReference; lastKnownFileType = "compiled.mach-o.dylib"; name = libopencv_flann.2.4.13.dylib; path = ../../../../../../usr/local/Cellar/opencv/2.4.13.2/lib/libopencv_flann.2.4.13.dylib; sourceTree = "<group>"; };
		F3F9A57D1E9B20B100CFEEF8 /* libopencv_flann.2.4.13.dylib */ = {isa = PBXFileReference; lastKnownFileType = "compiled.mach-o.dylib"; name = libopencv_flann.2.4.13.dylib; path = ../../../../../../usr/local/Cellar/opencv/2.4.13.2/lib/libopencv_flann.2.4.13.dylib; sourceTree = "<group>"; };
		F3F9A57E1E9B20B100CFEEF8 /* libopencv_gpu.2.4.13.dylib */ = {isa = PBXFileReference; lastKnownFileType = "compiled.mach-o.dylib"; name = libopencv_gpu.2.4.13.dylib; path = ../../../../../../usr/local/Cellar/opencv/2.4.13.2/lib/libopencv_gpu.2.4.13.dylib; sourceTree = "<group>"; };
		F3F9A57F1E9B20B100CFEEF8 /* libopencv_gpu.2.4.13.dylib */ = {isa = PBXFileReference; lastKnownFileType = "compiled.mach-o.dylib"; name = libopencv_gpu.2.4.13.dylib; path = ../../../../../../usr/local/Cellar/opencv/2.4.13.2/lib/libopencv_gpu.2.4.13.dylib; sourceTree = "<group>"; };
		F3F9A5801E9B20B100CFEEF8 /* libopencv_gpu.2.4.13.dylib */ = {isa = PBXFileReference; lastKnownFileType = "compiled.mach-o.dylib"; name = libopencv_gpu.2.4.13.dylib; path = ../../../../../../usr/local/Cellar/opencv/2.4.13.2/lib/libopencv_gpu.2.4.13.dylib; sourceTree = "<group>"; };
		F3F9A5811E9B20B100CFEEF8 /* libopencv_highgui.2.4.13.dylib */ = {isa = PBXFileReference; lastKnownFileType = "compiled.mach-o.dylib"; name = libopencv_highgui.2.4.13.dylib; path = ../../../../../../usr/local/Cellar/opencv/2.4.13.2/lib/libopencv_highgui.2.4.13.dylib; sourceTree = "<group>"; };
		F3F9A5821E9B20B100CFEEF8 /* libopencv_highgui.2.4.13.dylib */ = {isa = PBXFileReference; lastKnownFileType = "compiled.mach-o.dylib"; name = libopencv_highgui.2.4.13.dylib; path = ../../../../../../usr/local/Cellar/opencv/2.4.13.2/lib/libopencv_highgui.2.4.13.dylib; sourceTree = "<group>"; };
		F3F9A5831E9B20B100CFEEF8 /* libopencv_highgui.2.4.13.dylib */ = {isa = PBXFileReference; lastKnownFileType = "compiled.mach-o.dylib"; name = libopencv_highgui.2.4.13.dylib; path = ../../../../../../usr/local/Cellar/opencv/2.4.13.2/lib/libopencv_highgui.2.4.13.dylib; sourceTree = "<group>"; };
		F3F9A5841E9B20B100CFEEF8 /* libopencv_imgproc.2.4.13.dylib */ = {isa = PBXFileReference; lastKnownFileType = "compiled.mach-o.dylib"; name = libopencv_imgproc.2.4.13.dylib; path = ../../../../../../usr/local/Cellar/opencv/2.4.13.2/lib/libopencv_imgproc.2.4.13.dylib; sourceTree = "<group>"; };
		F3F9A5851E9B20B100CFEEF8 /* libopencv_imgproc.2.4.13.dylib */ = {isa = PBXFileReference; lastKnownFileType = "compiled.mach-o.dylib"; name = libopencv_imgproc.2.4.13.dylib; path = ../../../../../../usr/local/Cellar/opencv/2.4.13.2/lib/libopencv_imgproc.2.4.13.dylib; sourceTree = "<group>"; };
		F3F9A5861E9B20B100CFEEF8 /* libopencv_imgproc.2.4.13.dylib */ = {isa = PBXFileReference; lastKnownFileType = "compiled.mach-o.dylib"; name = libopencv_imgproc.2.4.13.dylib; path = ../../../../../../usr/local/Cellar/opencv/2.4.13.2/lib/libopencv_imgproc.2.4.13.dylib; sourceTree = "<group>"; };
		F3F9A5871E9B20B100CFEEF8 /* libopencv_legacy.2.4.13.dylib */ = {isa = PBXFileReference; lastKnownFileType = "compiled.mach-o.dylib"; name = libopencv_legacy.2.4.13.dylib; path = ../../../../../../usr/local/Cellar/opencv/2.4.13.2/lib/libopencv_legacy.2.4.13.dylib; sourceTree = "<group>"; };
		F3F9A5881E9B20B100CFEEF8 /* libopencv_legacy.2.4.13.dylib */ = {isa = PBXFileReference; lastKnownFileType = "compiled.mach-o.dylib"; name = libopencv_legacy.2.4.13.dylib; path = ../../../../../../usr/local/Cellar/opencv/2.4.13.2/lib/libopencv_legacy.2.4.13.dylib; sourceTree = "<group>"; };
		F3F9A5891E9B20B100CFEEF8 /* libopencv_legacy.2.4.13.dylib */ = {isa = PBXFileReference; lastKnownFileType = "compiled.mach-o.dylib"; name = libopencv_legacy.2.4.13.dylib; path = ../../../../../../usr/local/Cellar/opencv/2.4.13.2/lib/libopencv_legacy.2.4.13.dylib; sourceTree = "<group>"; };
		F3F9A58A1E9B20B100CFEEF8 /* libopencv_ml.2.4.13.dylib */ = {isa = PBXFileReference; lastKnownFileType = "compiled.mach-o.dylib"; name = libopencv_ml.2.4.13.dylib; path = ../../../../../../usr/local/Cellar/opencv/2.4.13.2/lib/libopencv_ml.2.4.13.dylib; sourceTree = "<group>"; };
		F3F9A58B1E9B20B100CFEEF8 /* libopencv_ml.2.4.13.dylib */ = {isa = PBXFileReference; lastKnownFileType = "compiled.mach-o.dylib"; name = libopencv_ml.2.4.13.dylib; path = ../../../../../../usr/local/Cellar/opencv/2.4.13.2/lib/libopencv_ml.2.4.13.dylib; sourceTree = "<group>"; };
		F3F9A58C1E9B20B100CFEEF8 /* libopencv_ml.2.4.13.dylib */ = {isa = PBXFileReference; lastKnownFileType = "compiled.mach-o.dylib"; name = libopencv_ml.2.4.13.dylib; path = ../../../../../../usr/local/Cellar/opencv/2.4.13.2/lib/libopencv_ml.2.4.13.dylib; sourceTree = "<group>"; };
		F3F9A58D1E9B20B100CFEEF8 /* libopencv_nonfree.2.4.13.dylib */ = {isa = PBXFileReference; lastKnownFileType = "compiled.mach-o.dylib"; name = libopencv_nonfree.2.4.13.dylib; path = ../../../../../../usr/local/Cellar/opencv/2.4.13.2/lib/libopencv_nonfree.2.4.13.dylib; sourceTree = "<group>"; };
		F3F9A58E1E9B20B100CFEEF8 /* libopencv_nonfree.2.4.13.dylib */ = {isa = PBXFileReference; lastKnownFileType = "compiled.mach-o.dylib"; name = libopencv_nonfree.2.4.13.dylib; path = ../../../../../../usr/local/Cellar/opencv/2.4.13.2/lib/libopencv_nonfree.2.4.13.dylib; sourceTree = "<group>"; };
		F3F9A58F1E9B20B100CFEEF8 /* libopencv_nonfree.2.4.13.dylib */ = {isa = PBXFileReference; lastKnownFileType = "compiled.mach-o.dylib"; name = libopencv_nonfree.2.4.13.dylib; path = ../../../../../../usr/local/Cellar/opencv/2.4.13.2/lib/libopencv_nonfree.2.4.13.dylib; sourceTree = "<group>"; };
		F3F9A5901E9B20B100CFEEF8 /* libopencv_objdetect.2.4.13.dylib */ = {isa = PBXFileReference; lastKnownFileType = "compiled.mach-o.dylib"; name = libopencv_objdetect.2.4.13.dylib; path = ../../../../../../usr/local/Cellar/opencv/2.4.13.2/lib/libopencv_objdetect.2.4.13.dylib; sourceTree = "<group>"; };
		F3F9A5911E9B20B100CFEEF8 /* libopencv_objdetect.2.4.13.dylib */ = {isa = PBXFileReference; lastKnownFileType = "compiled.mach-o.dylib"; name = libopencv_objdetect.2.4.13.dylib; path = ../../../../../../usr/local/Cellar/opencv/2.4.13.2/lib/libopencv_objdetect.2.4.13.dylib; sourceTree = "<group>"; };
		F3F9A5921E9B20B100CFEEF8 /* libopencv_objdetect.2.4.13.dylib */ = {isa = PBXFileReference; lastKnownFileType = "compiled.mach-o.dylib"; name = libopencv_objdetect.2.4.13.dylib; path = ../../../../../../usr/local/Cellar/opencv/2.4.13.2/lib/libopencv_objdetect.2.4.13.dylib; sourceTree = "<group>"; };
		F3F9A5931E9B20B100CFEEF8 /* libopencv_ocl.2.4.13.dylib */ = {isa = PBXFileReference; lastKnownFileType = "compiled.mach-o.dylib"; name = libopencv_ocl.2.4.13.dylib; path = ../../../../../../usr/local/Cellar/opencv/2.4.13.2/lib/libopencv_ocl.2.4.13.dylib; sourceTree = "<group>"; };
		F3F9A5941E9B20B100CFEEF8 /* libopencv_ocl.2.4.13.dylib */ = {isa = PBXFileReference; lastKnownFileType = "compiled.mach-o.dylib"; name = libopencv_ocl.2.4.13.dylib; path = ../../../../../../usr/local/Cellar/opencv/2.4.13.2/lib/libopencv_ocl.2.4.13.dylib; sourceTree = "<group>"; };
		F3F9A5951E9B20B100CFEEF8 /* libopencv_ocl.2.4.13.dylib */ = {isa = PBXFileReference; lastKnownFileType = "compiled.mach-o.dylib"; name = libopencv_ocl.2.4.13.dylib; path = ../../../../../../usr/local/Cellar/opencv/2.4.13.2/lib/libopencv_ocl.2.4.13.dylib; sourceTree = "<group>"; };
		F3F9A5961E9B20B100CFEEF8 /* libopencv_photo.2.4.13.dylib */ = {isa = PBXFileReference; lastKnownFileType = "compiled.mach-o.dylib"; name = libopencv_photo.2.4.13.dylib; path = ../../../../../../usr/local/Cellar/opencv/2.4.13.2/lib/libopencv_photo.2.4.13.dylib; sourceTree = "<group>"; };
		F3F9A5971E9B20B100CFEEF8 /* libopencv_photo.2.4.13.dylib */ = {isa = PBXFileReference; lastKnownFileType = "compiled.mach-o.dylib"; name = libopencv_photo.2.4.13.dylib; path = ../../../../../../usr/local/Cellar/opencv/2.4.13.2/lib/libopencv_photo.2.4.13.dylib; sourceTree = "<group>"; };
		F3F9A5981E9B20B100CFEEF8 /* libopencv_photo.2.4.13.dylib */ = {isa = PBXFileReference; lastKnownFileType = "compiled.mach-o.dylib"; name = libopencv_photo.2.4.13.dylib; path = ../../../../../../usr/local/Cellar/opencv/2.4.13.2/lib/libopencv_photo.2.4.13.dylib; sourceTree = "<group>"; };
		F3F9A5991E9B20B100CFEEF8 /* libopencv_stitching.2.4.13.dylib */ = {isa = PBXFileReference; lastKnownFileType = "compiled.mach-o.dylib"; name = libopencv_stitching.2.4.13.dylib; path = ../../../../../../usr/local/Cellar/opencv/2.4.13.2/lib/libopencv_stitching.2.4.13.dylib; sourceTree = "<group>"; };
		F3F9A59A1E9B20B100CFEEF8 /* libopencv_stitching.2.4.13.dylib */ = {isa = PBXFileReference; lastKnownFileType = "compiled.mach-o.dylib"; name = libopencv_stitching.2.4.13.dylib; path = ../../../../../../usr/local/Cellar/opencv/2.4.13.2/lib/libopencv_stitching.2.4.13.dylib; sourceTree = "<group>"; };
		F3F9A59B1E9B20B100CFEEF8 /* libopencv_stitching.2.4.13.dylib */ = {isa = PBXFileReference; lastKnownFileType = "compiled.mach-o.dylib"; name = libopencv_stitching.2.4.13.dylib; path = ../../../../../../usr/local/Cellar/opencv/2.4.13.2/lib/libopencv_stitching.2.4.13.dylib; sourceTree = "<group>"; };
		F3F9A59C1E9B20B100CFEEF8 /* libopencv_superres.2.4.13.dylib */ = {isa = PBXFileReference; lastKnownFileType = "compiled.mach-o.dylib"; name = libopencv_superres.2.4.13.dylib; path = ../../../../../../usr/local/Cellar/opencv/2.4.13.2/lib/libopencv_superres.2.4.13.dylib; sourceTree = "<group>"; };
		F3F9A59D1E9B20B100CFEEF8 /* libopencv_superres.2.4.13.dylib */ = {isa = PBXFileReference; lastKnownFileType = "compiled.mach-o.dylib"; name = libopencv_superres.2.4.13.dylib; path = ../../../../../../usr/local/Cellar/opencv/2.4.13.2/lib/libopencv_superres.2.4.13.dylib; sourceTree = "<group>"; };
		F3F9A59E1E9B20B100CFEEF8 /* libopencv_superres.2.4.13.dylib */ = {isa = PBXFileReference; lastKnownFileType = "compiled.mach-o.dylib"; name = libopencv_superres.2.4.13.dylib; path = ../../../../../../usr/local/Cellar/opencv/2.4.13.2/lib/libopencv_superres.2.4.13.dylib; sourceTree = "<group>"; };
		F3F9A59F1E9B20B100CFEEF8 /* libopencv_ts.a */ = {isa = PBXFileReference; lastKnownFileType = archive.ar; name = libopencv_ts.a; path = ../../../../../../usr/local/Cellar/opencv/2.4.13.2/lib/libopencv_ts.a; sourceTree = "<group>"; };
		F3F9A5A01E9B20B100CFEEF8 /* libopencv_video.2.4.13.dylib */ = {isa = PBXFileReference; lastKnownFileType = "compiled.mach-o.dylib"; name = libopencv_video.2.4.13.dylib; path = ../../../../../../usr/local/Cellar/opencv/2.4.13.2/lib/libopencv_video.2.4.13.dylib; sourceTree = "<group>"; };
		F3F9A5A11E9B20B100CFEEF8 /* libopencv_video.2.4.13.dylib */ = {isa = PBXFileReference; lastKnownFileType = "compiled.mach-o.dylib"; name = libopencv_video.2.4.13.dylib; path = ../../../../../../usr/local/Cellar/opencv/2.4.13.2/lib/libopencv_video.2.4.13.dylib; sourceTree = "<group>"; };
		F3F9A5A21E9B20B100CFEEF8 /* libopencv_video.2.4.13.dylib */ = {isa = PBXFileReference; lastKnownFileType = "compiled.mach-o.dylib"; name = libopencv_video.2.4.13.dylib; path = ../../../../../../usr/local/Cellar/opencv/2.4.13.2/lib/libopencv_video.2.4.13.dylib; sourceTree = "<group>"; };
		F3F9A5A31E9B20B100CFEEF8 /* libopencv_videostab.2.4.13.dylib */ = {isa = PBXFileReference; lastKnownFileType = "compiled.mach-o.dylib"; name = libopencv_videostab.2.4.13.dylib; path = ../../../../../../usr/local/Cellar/opencv/2.4.13.2/lib/libopencv_videostab.2.4.13.dylib; sourceTree = "<group>"; };
		F3F9A5A41E9B20B100CFEEF8 /* libopencv_videostab.2.4.13.dylib */ = {isa = PBXFileReference; lastKnownFileType = "compiled.mach-o.dylib"; name = libopencv_videostab.2.4.13.dylib; path = ../../../../../../usr/local/Cellar/opencv/2.4.13.2/lib/libopencv_videostab.2.4.13.dylib; sourceTree = "<group>"; };
		F3F9A5A51E9B20B100CFEEF8 /* libopencv_videostab.2.4.13.dylib */ = {isa = PBXFileReference; lastKnownFileType = "compiled.mach-o.dylib"; name = libopencv_videostab.2.4.13.dylib; path = ../../../../../../usr/local/Cellar/opencv/2.4.13.2/lib/libopencv_videostab.2.4.13.dylib; sourceTree = "<group>"; };
		F3F9A5E11E9B211500CFEEF8 /* opencv.h */ = {isa = PBXFileReference; lastKnownFileType = sourcecode.c.h; name = opencv.h; path = EMCVLib/opencv.h; sourceTree = "<group>"; };
		F3F9A5E41E9B23A800CFEEF8 /* EMCVImage.h */ = {isa = PBXFileReference; fileEncoding = 4; lastKnownFileType = sourcecode.c.h; name = EMCVImage.h; path = EMCVLib/EMCVImage.h; sourceTree = "<group>"; };
		F3F9A5E51E9B23A800CFEEF8 /* EMCVImage.mm */ = {isa = PBXFileReference; fileEncoding = 4; lastKnownFileType = sourcecode.cpp.objcpp; name = EMCVImage.mm; path = EMCVLib/EMCVImage.mm; sourceTree = "<group>"; };
		F3F9A5E81E9B248000CFEEF8 /* CoreGraphics.framework */ = {isa = PBXFileReference; lastKnownFileType = wrapper.framework; name = CoreGraphics.framework; path = System/Library/Frameworks/CoreGraphics.framework; sourceTree = SDKROOT; };
		F3F9A5EC1E9B24CD00CFEEF8 /* Cocoa.framework */ = {isa = PBXFileReference; lastKnownFileType = wrapper.framework; name = Cocoa.framework; path = System/Library/Frameworks/Cocoa.framework; sourceTree = SDKROOT; };
		F3F9A5F21E9B26F000CFEEF8 /* NSImageView+EMCVLib.h */ = {isa = PBXFileReference; fileEncoding = 4; lastKnownFileType = sourcecode.c.h; name = "NSImageView+EMCVLib.h"; path = "EMCVLib/NSImageView+EMCVLib.h"; sourceTree = "<group>"; };
		F3F9A5F31E9B26F000CFEEF8 /* NSImageView+EMCVLib.mm */ = {isa = PBXFileReference; fileEncoding = 4; lastKnownFileType = sourcecode.cpp.objcpp; name = "NSImageView+EMCVLib.mm"; path = "EMCVLib/NSImageView+EMCVLib.mm"; sourceTree = "<group>"; };
		F3F9A5FF1E9B54A000CFEEF8 /* EMCVVideo.h */ = {isa = PBXFileReference; fileEncoding = 4; lastKnownFileType = sourcecode.c.h; name = EMCVVideo.h; path = EMCVLib/EMCVVideo.h; sourceTree = "<group>"; };
		F3F9A6001E9B54A000CFEEF8 /* EMCVVideo.mm */ = {isa = PBXFileReference; fileEncoding = 4; lastKnownFileType = sourcecode.cpp.objcpp; name = EMCVVideo.mm; path = EMCVLib/EMCVVideo.mm; sourceTree = "<group>"; };
		F3F9A6031E9B5DF800CFEEF8 /* EMCVSplitedImage.h */ = {isa = PBXFileReference; fileEncoding = 4; lastKnownFileType = sourcecode.c.h; name = EMCVSplitedImage.h; path = EMCVLib/EMCVSplitedImage.h; sourceTree = "<group>"; };
		F3F9A6041E9B5DF800CFEEF8 /* EMCVSplitedImage.mm */ = {isa = PBXFileReference; fileEncoding = 4; lastKnownFileType = sourcecode.cpp.objcpp; name = EMCVSplitedImage.mm; path = EMCVLib/EMCVSplitedImage.mm; sourceTree = "<group>"; };
		F3F9A60A1E9B99F200CFEEF8 /* Static.h */ = {isa = PBXFileReference; fileEncoding = 4; lastKnownFileType = sourcecode.c.h; name = Static.h; path = EMCVLib/Static.h; sourceTree = "<group>"; };
/* End PBXFileReference section */

/* Begin PBXFrameworksBuildPhase section */
		F3F9A55F1E9B1E5100CFEEF8 /* Frameworks */ = {
			isa = PBXFrameworksBuildPhase;
			buildActionMask = 2147483647;
			files = (
				F3F9A5ED1E9B24CD00CFEEF8 /* Cocoa.framework in Frameworks */,
				F3F9A5E91E9B248000CFEEF8 /* CoreGraphics.framework in Frameworks */,
				F3F9A5A61E9B20B100CFEEF8 /* libopencv_calib3d.2.4.13.dylib in Frameworks */,
				F3F9A5A71E9B20B100CFEEF8 /* libopencv_calib3d.2.4.13.dylib in Frameworks */,
				F3F9A5A81E9B20B100CFEEF8 /* libopencv_calib3d.2.4.13.dylib in Frameworks */,
				F3F9A5A91E9B20B100CFEEF8 /* libopencv_contrib.2.4.13.dylib in Frameworks */,
				F3F9A5AA1E9B20B100CFEEF8 /* libopencv_contrib.2.4.13.dylib in Frameworks */,
				F3F9A5AB1E9B20B100CFEEF8 /* libopencv_contrib.2.4.13.dylib in Frameworks */,
				F3F9A5AC1E9B20B100CFEEF8 /* libopencv_core.2.4.13.dylib in Frameworks */,
				F3F9A5AD1E9B20B100CFEEF8 /* libopencv_core.2.4.13.dylib in Frameworks */,
				F3F9A5AE1E9B20B100CFEEF8 /* libopencv_core.2.4.13.dylib in Frameworks */,
				F3F9A5AF1E9B20B100CFEEF8 /* libopencv_features2d.2.4.13.dylib in Frameworks */,
				F3F9A5B01E9B20B100CFEEF8 /* libopencv_features2d.2.4.13.dylib in Frameworks */,
				F3F9A5B11E9B20B100CFEEF8 /* libopencv_features2d.2.4.13.dylib in Frameworks */,
				F3F9A5B21E9B20B100CFEEF8 /* libopencv_flann.2.4.13.dylib in Frameworks */,
				F3F9A5B31E9B20B100CFEEF8 /* libopencv_flann.2.4.13.dylib in Frameworks */,
				F3F9A5B41E9B20B100CFEEF8 /* libopencv_flann.2.4.13.dylib in Frameworks */,
				F3F9A5B51E9B20B100CFEEF8 /* libopencv_gpu.2.4.13.dylib in Frameworks */,
				F3F9A5B61E9B20B100CFEEF8 /* libopencv_gpu.2.4.13.dylib in Frameworks */,
				F3F9A5B71E9B20B100CFEEF8 /* libopencv_gpu.2.4.13.dylib in Frameworks */,
				F3F9A5B81E9B20B100CFEEF8 /* libopencv_highgui.2.4.13.dylib in Frameworks */,
				F3F9A5B91E9B20B100CFEEF8 /* libopencv_highgui.2.4.13.dylib in Frameworks */,
				F3F9A5BA1E9B20B100CFEEF8 /* libopencv_highgui.2.4.13.dylib in Frameworks */,
				F3F9A5BB1E9B20B100CFEEF8 /* libopencv_imgproc.2.4.13.dylib in Frameworks */,
				F3F9A5BC1E9B20B100CFEEF8 /* libopencv_imgproc.2.4.13.dylib in Frameworks */,
				F3F9A5BD1E9B20B100CFEEF8 /* libopencv_imgproc.2.4.13.dylib in Frameworks */,
				F3F9A5BE1E9B20B100CFEEF8 /* libopencv_legacy.2.4.13.dylib in Frameworks */,
				F3F9A5BF1E9B20B100CFEEF8 /* libopencv_legacy.2.4.13.dylib in Frameworks */,
				F3F9A5C01E9B20B100CFEEF8 /* libopencv_legacy.2.4.13.dylib in Frameworks */,
				F3F9A5C11E9B20B100CFEEF8 /* libopencv_ml.2.4.13.dylib in Frameworks */,
				F3F9A5C21E9B20B100CFEEF8 /* libopencv_ml.2.4.13.dylib in Frameworks */,
				F3F9A5C31E9B20B100CFEEF8 /* libopencv_ml.2.4.13.dylib in Frameworks */,
				F3F9A5C41E9B20B100CFEEF8 /* libopencv_nonfree.2.4.13.dylib in Frameworks */,
				F3F9A5C51E9B20B100CFEEF8 /* libopencv_nonfree.2.4.13.dylib in Frameworks */,
				F3F9A5C61E9B20B100CFEEF8 /* libopencv_nonfree.2.4.13.dylib in Frameworks */,
				F3F9A5C71E9B20B100CFEEF8 /* libopencv_objdetect.2.4.13.dylib in Frameworks */,
				F3F9A5C81E9B20B100CFEEF8 /* libopencv_objdetect.2.4.13.dylib in Frameworks */,
				F3F9A5C91E9B20B100CFEEF8 /* libopencv_objdetect.2.4.13.dylib in Frameworks */,
				F3F9A5CA1E9B20B100CFEEF8 /* libopencv_ocl.2.4.13.dylib in Frameworks */,
				F3F9A5CB1E9B20B100CFEEF8 /* libopencv_ocl.2.4.13.dylib in Frameworks */,
				F3F9A5CC1E9B20B100CFEEF8 /* libopencv_ocl.2.4.13.dylib in Frameworks */,
				F3F9A5CD1E9B20B100CFEEF8 /* libopencv_photo.2.4.13.dylib in Frameworks */,
				F3F9A5CE1E9B20B100CFEEF8 /* libopencv_photo.2.4.13.dylib in Frameworks */,
				F3F9A5CF1E9B20B100CFEEF8 /* libopencv_photo.2.4.13.dylib in Frameworks */,
				F3F9A5D01E9B20B100CFEEF8 /* libopencv_stitching.2.4.13.dylib in Frameworks */,
				F3F9A5D11E9B20B100CFEEF8 /* libopencv_stitching.2.4.13.dylib in Frameworks */,
				F3F9A5D21E9B20B100CFEEF8 /* libopencv_stitching.2.4.13.dylib in Frameworks */,
				F3F9A5D31E9B20B100CFEEF8 /* libopencv_superres.2.4.13.dylib in Frameworks */,
				F3F9A5D41E9B20B100CFEEF8 /* libopencv_superres.2.4.13.dylib in Frameworks */,
				F3F9A5D51E9B20B100CFEEF8 /* libopencv_superres.2.4.13.dylib in Frameworks */,
				F3F9A5D61E9B20B100CFEEF8 /* libopencv_ts.a in Frameworks */,
				F3F9A5D71E9B20B100CFEEF8 /* libopencv_video.2.4.13.dylib in Frameworks */,
				F3F9A5D81E9B20B100CFEEF8 /* libopencv_video.2.4.13.dylib in Frameworks */,
				F3F9A5D91E9B20B100CFEEF8 /* libopencv_video.2.4.13.dylib in Frameworks */,
				F3F9A5DA1E9B20B100CFEEF8 /* libopencv_videostab.2.4.13.dylib in Frameworks */,
				F3F9A5DB1E9B20B100CFEEF8 /* libopencv_videostab.2.4.13.dylib in Frameworks */,
				F3F9A5DC1E9B20B100CFEEF8 /* libopencv_videostab.2.4.13.dylib in Frameworks */,
			);
			runOnlyForDeploymentPostprocessing = 0;
		};
/* End PBXFrameworksBuildPhase section */

/* Begin PBXGroup section */
		F3F9A5591E9B1E5100CFEEF8 = {
			isa = PBXGroup;
			children = (
				F3F9A5F11E9B26DC00CFEEF8 /* Catogery */,
				F3F9A5E31E9B239000CFEEF8 /* Model */,
				F3F9A5E01E9B210100CFEEF8 /* Headers */,
				F3F9A5651E9B1E5100CFEEF8 /* Support Files */,
				F3F9A5641E9B1E5100CFEEF8 /* Products */,
				F3F9A56E1E9B20B100CFEEF8 /* Frameworks */,
			);
			sourceTree = "<group>";
		};
		F3F9A5641E9B1E5100CFEEF8 /* Products */ = {
			isa = PBXGroup;
			children = (
				F3F9A5631E9B1E5100CFEEF8 /* EMCVLib.framework */,
			);
			name = Products;
			sourceTree = "<group>";
		};
		F3F9A5651E9B1E5100CFEEF8 /* Support Files */ = {
			isa = PBXGroup;
			children = (
				F3F9A5661E9B1E5100CFEEF8 /* EMCVLib.h */,
				F3F9A5671E9B1E5100CFEEF8 /* Info.plist */,
			);
			name = "Support Files";
			path = EMCVLib;
			sourceTree = "<group>";
		};
		F3F9A56E1E9B20B100CFEEF8 /* Frameworks */ = {
			isa = PBXGroup;
			children = (
				F3F9A5EC1E9B24CD00CFEEF8 /* Cocoa.framework */,
				F3F9A5E81E9B248000CFEEF8 /* CoreGraphics.framework */,
				F3F9A56F1E9B20B100CFEEF8 /* libopencv_calib3d.2.4.13.dylib */,
				F3F9A5701E9B20B100CFEEF8 /* libopencv_calib3d.2.4.13.dylib */,
				F3F9A5711E9B20B100CFEEF8 /* libopencv_calib3d.2.4.13.dylib */,
				F3F9A5721E9B20B100CFEEF8 /* libopencv_contrib.2.4.13.dylib */,
				F3F9A5731E9B20B100CFEEF8 /* libopencv_contrib.2.4.13.dylib */,
				F3F9A5741E9B20B100CFEEF8 /* libopencv_contrib.2.4.13.dylib */,
				F3F9A5751E9B20B100CFEEF8 /* libopencv_core.2.4.13.dylib */,
				F3F9A5761E9B20B100CFEEF8 /* libopencv_core.2.4.13.dylib */,
				F3F9A5771E9B20B100CFEEF8 /* libopencv_core.2.4.13.dylib */,
				F3F9A5781E9B20B100CFEEF8 /* libopencv_features2d.2.4.13.dylib */,
				F3F9A5791E9B20B100CFEEF8 /* libopencv_features2d.2.4.13.dylib */,
				F3F9A57A1E9B20B100CFEEF8 /* libopencv_features2d.2.4.13.dylib */,
				F3F9A57B1E9B20B100CFEEF8 /* libopencv_flann.2.4.13.dylib */,
				F3F9A57C1E9B20B100CFEEF8 /* libopencv_flann.2.4.13.dylib */,
				F3F9A57D1E9B20B100CFEEF8 /* libopencv_flann.2.4.13.dylib */,
				F3F9A57E1E9B20B100CFEEF8 /* libopencv_gpu.2.4.13.dylib */,
				F3F9A57F1E9B20B100CFEEF8 /* libopencv_gpu.2.4.13.dylib */,
				F3F9A5801E9B20B100CFEEF8 /* libopencv_gpu.2.4.13.dylib */,
				F3F9A5811E9B20B100CFEEF8 /* libopencv_highgui.2.4.13.dylib */,
				F3F9A5821E9B20B100CFEEF8 /* libopencv_highgui.2.4.13.dylib */,
				F3F9A5831E9B20B100CFEEF8 /* libopencv_highgui.2.4.13.dylib */,
				F3F9A5841E9B20B100CFEEF8 /* libopencv_imgproc.2.4.13.dylib */,
				F3F9A5851E9B20B100CFEEF8 /* libopencv_imgproc.2.4.13.dylib */,
				F3F9A5861E9B20B100CFEEF8 /* libopencv_imgproc.2.4.13.dylib */,
				F3F9A5871E9B20B100CFEEF8 /* libopencv_legacy.2.4.13.dylib */,
				F3F9A5881E9B20B100CFEEF8 /* libopencv_legacy.2.4.13.dylib */,
				F3F9A5891E9B20B100CFEEF8 /* libopencv_legacy.2.4.13.dylib */,
				F3F9A58A1E9B20B100CFEEF8 /* libopencv_ml.2.4.13.dylib */,
				F3F9A58B1E9B20B100CFEEF8 /* libopencv_ml.2.4.13.dylib */,
				F3F9A58C1E9B20B100CFEEF8 /* libopencv_ml.2.4.13.dylib */,
				F3F9A58D1E9B20B100CFEEF8 /* libopencv_nonfree.2.4.13.dylib */,
				F3F9A58E1E9B20B100CFEEF8 /* libopencv_nonfree.2.4.13.dylib */,
				F3F9A58F1E9B20B100CFEEF8 /* libopencv_nonfree.2.4.13.dylib */,
				F3F9A5901E9B20B100CFEEF8 /* libopencv_objdetect.2.4.13.dylib */,
				F3F9A5911E9B20B100CFEEF8 /* libopencv_objdetect.2.4.13.dylib */,
				F3F9A5921E9B20B100CFEEF8 /* libopencv_objdetect.2.4.13.dylib */,
				F3F9A5931E9B20B100CFEEF8 /* libopencv_ocl.2.4.13.dylib */,
				F3F9A5941E9B20B100CFEEF8 /* libopencv_ocl.2.4.13.dylib */,
				F3F9A5951E9B20B100CFEEF8 /* libopencv_ocl.2.4.13.dylib */,
				F3F9A5961E9B20B100CFEEF8 /* libopencv_photo.2.4.13.dylib */,
				F3F9A5971E9B20B100CFEEF8 /* libopencv_photo.2.4.13.dylib */,
				F3F9A5981E9B20B100CFEEF8 /* libopencv_photo.2.4.13.dylib */,
				F3F9A5991E9B20B100CFEEF8 /* libopencv_stitching.2.4.13.dylib */,
				F3F9A59A1E9B20B100CFEEF8 /* libopencv_stitching.2.4.13.dylib */,
				F3F9A59B1E9B20B100CFEEF8 /* libopencv_stitching.2.4.13.dylib */,
				F3F9A59C1E9B20B100CFEEF8 /* libopencv_superres.2.4.13.dylib */,
				F3F9A59D1E9B20B100CFEEF8 /* libopencv_superres.2.4.13.dylib */,
				F3F9A59E1E9B20B100CFEEF8 /* libopencv_superres.2.4.13.dylib */,
				F3F9A59F1E9B20B100CFEEF8 /* libopencv_ts.a */,
				F3F9A5A01E9B20B100CFEEF8 /* libopencv_video.2.4.13.dylib */,
				F3F9A5A11E9B20B100CFEEF8 /* libopencv_video.2.4.13.dylib */,
				F3F9A5A21E9B20B100CFEEF8 /* libopencv_video.2.4.13.dylib */,
				F3F9A5A31E9B20B100CFEEF8 /* libopencv_videostab.2.4.13.dylib */,
				F3F9A5A41E9B20B100CFEEF8 /* libopencv_videostab.2.4.13.dylib */,
				F3F9A5A51E9B20B100CFEEF8 /* libopencv_videostab.2.4.13.dylib */,
			);
			name = Frameworks;
			sourceTree = "<group>";
		};
		F3F9A5E01E9B210100CFEEF8 /* Headers */ = {
			isa = PBXGroup;
			children = (
				F3F9A5E11E9B211500CFEEF8 /* opencv.h */,
			);
			name = Headers;
			sourceTree = "<group>";
		};
		F3F9A5E31E9B239000CFEEF8 /* Model */ = {
			isa = PBXGroup;
			children = (
				F3F9A60A1E9B99F200CFEEF8 /* Static.h */,
				F337D49D1E9C60EA00505334 /* EMCVFactory.h */,
				F337D49E1E9C60EA00505334 /* EMCVFactory.mm */,
				F3F9A5E41E9B23A800CFEEF8 /* EMCVImage.h */,
				F3F9A5E51E9B23A800CFEEF8 /* EMCVImage.mm */,
				F3F9A6031E9B5DF800CFEEF8 /* EMCVSplitedImage.h */,
				F3F9A6041E9B5DF800CFEEF8 /* EMCVSplitedImage.mm */,
				F3F9A5FF1E9B54A000CFEEF8 /* EMCVVideo.h */,
				F3F9A6001E9B54A000CFEEF8 /* EMCVVideo.mm */,
			);
			name = Model;
			sourceTree = "<group>";
		};
		F3F9A5F11E9B26DC00CFEEF8 /* Catogery */ = {
			isa = PBXGroup;
			children = (
				F3F9A5F21E9B26F000CFEEF8 /* NSImageView+EMCVLib.h */,
				F3F9A5F31E9B26F000CFEEF8 /* NSImageView+EMCVLib.mm */,
			);
			name = Catogery;
			sourceTree = "<group>";
		};
/* End PBXGroup section */

/* Begin PBXHeadersBuildPhase section */
		F3F9A5601E9B1E5100CFEEF8 /* Headers */ = {
			isa = PBXHeadersBuildPhase;
			buildActionMask = 2147483647;
			files = (
				F3F9A60C1E9B99F200CFEEF8 /* Static.h in Headers */,
				F337D49F1E9C60EA00505334 /* EMCVFactory.h in Headers */,
				F3F9A5681E9B1E5100CFEEF8 /* EMCVLib.h in Headers */,
				F3F9A5E61E9B23A800CFEEF8 /* EMCVImage.h in Headers */,
				F3F9A5F41E9B26F000CFEEF8 /* NSImageView+EMCVLib.h in Headers */,
				F3F9A6051E9B5DF800CFEEF8 /* EMCVSplitedImage.h in Headers */,
				F3F9A6011E9B54A000CFEEF8 /* EMCVVideo.h in Headers */,
				F3F9A5FA1E9B299200CFEEF8 /* opencv.h in Headers */,
			);
			runOnlyForDeploymentPostprocessing = 0;
		};
/* End PBXHeadersBuildPhase section */

/* Begin PBXNativeTarget section */
		F3F9A5621E9B1E5100CFEEF8 /* EMCVLib */ = {
			isa = PBXNativeTarget;
			buildConfigurationList = F3F9A56B1E9B1E5100CFEEF8 /* Build configuration list for PBXNativeTarget "EMCVLib" */;
			buildPhases = (
				F3F9A55E1E9B1E5100CFEEF8 /* Sources */,
				F3F9A55F1E9B1E5100CFEEF8 /* Frameworks */,
				F3F9A5601E9B1E5100CFEEF8 /* Headers */,
				F3F9A5611E9B1E5100CFEEF8 /* Resources */,
			);
			buildRules = (
			);
			dependencies = (
			);
			name = EMCVLib;
			productName = EMCVLib;
			productReference = F3F9A5631E9B1E5100CFEEF8 /* EMCVLib.framework */;
			productType = "com.apple.product-type.framework";
		};
/* End PBXNativeTarget section */

/* Begin PBXProject section */
		F3F9A55A1E9B1E5100CFEEF8 /* Project object */ = {
			isa = PBXProject;
			attributes = {
				LastUpgradeCheck = 0830;
				ORGANIZATIONNAME = "郑宇琦";
				TargetAttributes = {
					F3F9A5621E9B1E5100CFEEF8 = {
						CreatedOnToolsVersion = 8.3;
						DevelopmentTeam = 4TF3NHEU2R;
						ProvisioningStyle = Automatic;
					};
				};
			};
			buildConfigurationList = F3F9A55D1E9B1E5100CFEEF8 /* Build configuration list for PBXProject "EMCVLib" */;
			compatibilityVersion = "Xcode 3.2";
			developmentRegion = English;
			hasScannedForEncodings = 0;
			knownRegions = (
				en,
			);
			mainGroup = F3F9A5591E9B1E5100CFEEF8;
			productRefGroup = F3F9A5641E9B1E5100CFEEF8 /* Products */;
			projectDirPath = "";
			projectRoot = "";
			targets = (
				F3F9A5621E9B1E5100CFEEF8 /* EMCVLib */,
			);
		};
/* End PBXProject section */

/* Begin PBXResourcesBuildPhase section */
		F3F9A5611E9B1E5100CFEEF8 /* Resources */ = {
			isa = PBXResourcesBuildPhase;
			buildActionMask = 2147483647;
			files = (
			);
			runOnlyForDeploymentPostprocessing = 0;
		};
/* End PBXResourcesBuildPhase section */

/* Begin PBXSourcesBuildPhase section */
		F3F9A55E1E9B1E5100CFEEF8 /* Sources */ = {
			isa = PBXSourcesBuildPhase;
			buildActionMask = 2147483647;
			files = (
				F337D4A01E9C60EA00505334 /* EMCVFactory.mm in Sources */,
				F3F9A6061E9B5DF800CFEEF8 /* EMCVSplitedImage.mm in Sources */,
				F3F9A5F51E9B26F000CFEEF8 /* NSImageView+EMCVLib.mm in Sources */,
				F3F9A6021E9B54A000CFEEF8 /* EMCVVideo.mm in Sources */,
				F3F9A5E71E9B23A800CFEEF8 /* EMCVImage.mm in Sources */,
			);
			runOnlyForDeploymentPostprocessing = 0;
		};
/* End PBXSourcesBuildPhase section */

/* Begin XCBuildConfiguration section */
		F3F9A5691E9B1E5100CFEEF8 /* Debug */ = {
			isa = XCBuildConfiguration;
			buildSettings = {
				ALWAYS_SEARCH_USER_PATHS = NO;
				CLANG_ANALYZER_NONNULL = YES;
				CLANG_ANALYZER_NUMBER_OBJECT_CONVERSION = YES_AGGRESSIVE;
				CLANG_CXX_LANGUAGE_STANDARD = "gnu++0x";
				CLANG_CXX_LIBRARY = "libc++";
				CLANG_ENABLE_MODULES = YES;
				CLANG_ENABLE_OBJC_ARC = YES;
				CLANG_WARN_BOOL_CONVERSION = YES;
				CLANG_WARN_CONSTANT_CONVERSION = YES;
				CLANG_WARN_DIRECT_OBJC_ISA_USAGE = YES_ERROR;
				CLANG_WARN_DOCUMENTATION_COMMENTS = YES;
				CLANG_WARN_EMPTY_BODY = YES;
				CLANG_WARN_ENUM_CONVERSION = YES;
				CLANG_WARN_INFINITE_RECURSION = YES;
				CLANG_WARN_INT_CONVERSION = YES;
				CLANG_WARN_OBJC_ROOT_CLASS = YES_ERROR;
				CLANG_WARN_SUSPICIOUS_MOVE = YES;
				CLANG_WARN_UNREACHABLE_CODE = YES;
				CLANG_WARN__DUPLICATE_METHOD_MATCH = YES;
				CODE_SIGN_IDENTITY = "-";
				COPY_PHASE_STRIP = NO;
				CURRENT_PROJECT_VERSION = 1;
				DEBUG_INFORMATION_FORMAT = dwarf;
				ENABLE_STRICT_OBJC_MSGSEND = YES;
				ENABLE_TESTABILITY = YES;
				GCC_C_LANGUAGE_STANDARD = gnu99;
				GCC_DYNAMIC_NO_PIC = NO;
				GCC_NO_COMMON_BLOCKS = YES;
				GCC_OPTIMIZATION_LEVEL = 0;
				GCC_PREPROCESSOR_DEFINITIONS = (
					"DEBUG=1",
					"$(inherited)",
				);
				GCC_WARN_64_TO_32_BIT_CONVERSION = YES;
				GCC_WARN_ABOUT_RETURN_TYPE = YES_ERROR;
				GCC_WARN_UNDECLARED_SELECTOR = YES;
				GCC_WARN_UNINITIALIZED_AUTOS = YES_AGGRESSIVE;
				GCC_WARN_UNUSED_FUNCTION = YES;
				GCC_WARN_UNUSED_VARIABLE = YES;
				MACOSX_DEPLOYMENT_TARGET = 10.12;
				MTL_ENABLE_DEBUG_INFO = YES;
				ONLY_ACTIVE_ARCH = YES;
				SDKROOT = macosx;
				VERSIONING_SYSTEM = "apple-generic";
				VERSION_INFO_PREFIX = "";
			};
			name = Debug;
		};
		F3F9A56A1E9B1E5100CFEEF8 /* Release */ = {
			isa = XCBuildConfiguration;
			buildSettings = {
				ALWAYS_SEARCH_USER_PATHS = NO;
				CLANG_ANALYZER_NONNULL = YES;
				CLANG_ANALYZER_NUMBER_OBJECT_CONVERSION = YES_AGGRESSIVE;
				CLANG_CXX_LANGUAGE_STANDARD = "gnu++0x";
				CLANG_CXX_LIBRARY = "libc++";
				CLANG_ENABLE_MODULES = YES;
				CLANG_ENABLE_OBJC_ARC = YES;
				CLANG_WARN_BOOL_CONVERSION = YES;
				CLANG_WARN_CONSTANT_CONVERSION = YES;
				CLANG_WARN_DIRECT_OBJC_ISA_USAGE = YES_ERROR;
				CLANG_WARN_DOCUMENTATION_COMMENTS = YES;
				CLANG_WARN_EMPTY_BODY = YES;
				CLANG_WARN_ENUM_CONVERSION = YES;
				CLANG_WARN_INFINITE_RECURSION = YES;
				CLANG_WARN_INT_CONVERSION = YES;
				CLANG_WARN_OBJC_ROOT_CLASS = YES_ERROR;
				CLANG_WARN_SUSPICIOUS_MOVE = YES;
				CLANG_WARN_UNREACHABLE_CODE = YES;
				CLANG_WARN__DUPLICATE_METHOD_MATCH = YES;
				CODE_SIGN_IDENTITY = "-";
				COPY_PHASE_STRIP = NO;
				CURRENT_PROJECT_VERSION = 1;
				DEBUG_INFORMATION_FORMAT = "dwarf-with-dsym";
				ENABLE_NS_ASSERTIONS = NO;
				ENABLE_STRICT_OBJC_MSGSEND = YES;
				GCC_C_LANGUAGE_STANDARD = gnu99;
				GCC_NO_COMMON_BLOCKS = YES;
				GCC_WARN_64_TO_32_BIT_CONVERSION = YES;
				GCC_WARN_ABOUT_RETURN_TYPE = YES_ERROR;
				GCC_WARN_UNDECLARED_SELECTOR = YES;
				GCC_WARN_UNINITIALIZED_AUTOS = YES_AGGRESSIVE;
				GCC_WARN_UNUSED_FUNCTION = YES;
				GCC_WARN_UNUSED_VARIABLE = YES;
				MACOSX_DEPLOYMENT_TARGET = 10.12;
				MTL_ENABLE_DEBUG_INFO = NO;
				SDKROOT = macosx;
				VERSIONING_SYSTEM = "apple-generic";
				VERSION_INFO_PREFIX = "";
			};
			name = Release;
		};
		F3F9A56C1E9B1E5100CFEEF8 /* Debug */ = {
			isa = XCBuildConfiguration;
			buildSettings = {
				CODE_SIGN_IDENTITY = "";
				COMBINE_HIDPI_IMAGES = YES;
				DEFINES_MODULE = YES;
				DEVELOPMENT_TEAM = 4TF3NHEU2R;
				DYLIB_COMPATIBILITY_VERSION = 1;
				DYLIB_CURRENT_VERSION = 1;
				DYLIB_INSTALL_NAME_BASE = "@rpath";
				FRAMEWORK_VERSION = A;
				HEADER_SEARCH_PATHS = /usr/local/include;
				INFOPLIST_FILE = EMCVLib/Info.plist;
				INSTALL_PATH = "$(LOCAL_LIBRARY_DIR)/Frameworks";
				LD_RUNPATH_SEARCH_PATHS = "$(inherited) @executable_path/../Frameworks @loader_path/Frameworks";
				LIBRARY_SEARCH_PATHS = (
					"$(inherited)",
					/usr/local/lib,
				);
				MACOSX_DEPLOYMENT_TARGET = 10.10;
				PRODUCT_BUNDLE_IDENTIFIER = Enum.EMCVLib;
				PRODUCT_NAME = "$(TARGET_NAME)";
				SKIP_INSTALL = YES;
			};
			name = Debug;
		};
		F3F9A56D1E9B1E5100CFEEF8 /* Release */ = {
			isa = XCBuildConfiguration;
			buildSettings = {
				CODE_SIGN_IDENTITY = "";
				COMBINE_HIDPI_IMAGES = YES;
				DEFINES_MODULE = YES;
				DEVELOPMENT_TEAM = 4TF3NHEU2R;
				DYLIB_COMPATIBILITY_VERSION = 1;
				DYLIB_CURRENT_VERSION = 1;
				DYLIB_INSTALL_NAME_BASE = "@rpath";
				FRAMEWORK_VERSION = A;
				HEADER_SEARCH_PATHS = /usr/local/include;
				INFOPLIST_FILE = EMCVLib/Info.plist;
				INSTALL_PATH = "$(LOCAL_LIBRARY_DIR)/Frameworks";
				LD_RUNPATH_SEARCH_PATHS = "$(inherited) @executable_path/../Frameworks @loader_path/Frameworks";
				LIBRARY_SEARCH_PATHS = (
					"$(inherited)",
					/usr/local/lib,
				);
				MACOSX_DEPLOYMENT_TARGET = 10.10;
				PRODUCT_BUNDLE_IDENTIFIER = Enum.EMCVLib;
				PRODUCT_NAME = "$(TARGET_NAME)";
				SKIP_INSTALL = YES;
			};
			name = Release;
		};
/* End XCBuildConfiguration section */

/* Begin XCConfigurationList section */
		F3F9A55D1E9B1E5100CFEEF8 /* Build configuration list for PBXProject "EMCVLib" */ = {
			isa = XCConfigurationList;
			buildConfigurations = (
				F3F9A5691E9B1E5100CFEEF8 /* Debug */,
				F3F9A56A1E9B1E5100CFEEF8 /* Release */,
			);
			defaultConfigurationIsVisible = 0;
			defaultConfigurationName = Release;
		};
		F3F9A56B1E9B1E5100CFEEF8 /* Build configuration list for PBXNativeTarget "EMCVLib" */ = {
			isa = XCConfigurationList;
			buildConfigurations = (
				F3F9A56C1E9B1E5100CFEEF8 /* Debug */,
				F3F9A56D1E9B1E5100CFEEF8 /* Release */,
			);
			defaultConfigurationIsVisible = 0;
			defaultConfigurationName = Release;
		};
/* End XCConfigurationList section */
	};
	rootObject = F3F9A55A1E9B1E5100CFEEF8 /* Project object */;
}
